github.com/jeckbjy/cli v0.0.0-20190425081412-9a06ece5234f h1:I3W4gFx/AxjTCJahI7gaVprC4jHdDVDUq0qNWZgSbTI=
github.com/jeckbjy/cli v0.0.0-20190425081412-9a06ece5234f/go.mod h1:HOKr0qecj9mB6Z/AjDmFXYGB2Sv2TeIhpatYDSQ89Yg=
github.com/jeckbjy/zmake v0.0.0-20190425074426-84a12ea92cc0 h1:zX0vA6oezQFLZueBO10dgBMHMNdq7KjuXiRD7RcQk4M=
